
Microsoft Visual Studio Solution File, Format Version 12.00
# Visual Studio Version 17
VisualStudioVersion = 17.7.34221.43
MinimumVisualStudioVersion = 10.0.40219.1
Project("{FAE04EC0-301F-11D3-BF4B-00C04F79EFBC}") = "Binance", "Binance\Binance.csproj", "{BAFC357F-D9DB-4428-A7E0-248E159CDBEB}"
EndProject
Global
	GlobalSection(SolutionConfigurationPlatforms) = preSolution
		Debug|Any CPU = Debug|Any CPU
		Release|Any CPU = Release|Any CPU
	EndGlobalSection
	GlobalSection(ProjectConfigurationPlatforms) = postSolution
		{BAFC357F-D9DB-4428-A7E0-248E159CDBEB}.Debug|Any CPU.ActiveCfg = Debug|Any CPU
		{BAFC357F-D9DB-4428-A7E0-248E159CDBEB}.Debug|Any CPU.Build.0 = Debug|Any CPU
		{BAFC357F-D9DB-4428-A7E0-248E159CDBEB}.Release|Any CPU.ActiveCfg = Release|Any CPU
		{BAFC357F-D9DB-4428-A7E0-248E159CDBEB}.Release|Any CPU.Build.0 = Release|Any CPU
	EndGlobalSection
	GlobalSection(SolutionProperties) = preSolution
		HideSolutionNode = FALSE
	EndGlobalSection
	GlobalSection(ExtensibilityGlobals) = postSolution
		SolutionGuid = {75DD4169-28A6-49AB-BD4E-8A1EEC8668D2}
	EndGlobalSection
EndGlobal
